
Microsoft Visual Studio Solution File, Format Version 12.00
# Visual Studio Version 16
VisualStudioVersion = 16.0.33801.447
MinimumVisualStudioVersion = 10.0.40219.1
Project("{FAE04EC0-301F-11D3-BF4B-00C04F79EFBC}") = "Ejemplo_PracticaExposicion", "Ejemplo_PracticaExposicion.csproj", "{D184D775-4845-4653-81A8-BFA7F6B24D2B}"
EndProject
Global
	GlobalSection(SolutionConfigurationPlatforms) = preSolution
		Debug|Any CPU = Debug|Any CPU
		Release|Any CPU = Release|Any CPU
	EndGlobalSection
	GlobalSection(ProjectConfigurationPlatforms) = postSolution
		{D184D775-4845-4653-81A8-BFA7F6B24D2B}.Debug|Any CPU.ActiveCfg = Debug|Any CPU
		{D184D775-4845-4653-81A8-BFA7F6B24D2B}.Debug|Any CPU.Build.0 = Debug|Any CPU
		{D184D775-4845-4653-81A8-BFA7F6B24D2B}.Release|Any CPU.ActiveCfg = Release|Any CPU
		{D184D775-4845-4653-81A8-BFA7F6B24D2B}.Release|Any CPU.Build.0 = Release|Any CPU
	EndGlobalSection
	GlobalSection(SolutionProperties) = preSolution
		HideSolutionNode = FALSE
	EndGlobalSection
	GlobalSection(ExtensibilityGlobals) = postSolution
		SolutionGuid = {D6282B3F-D1E4-4305-BDA6-28B915BDEC00}
	EndGlobalSection
EndGlobal
